# Local package lock baseline. CUDA/RunPod feasibility values are recorded after the first GPU probe.
python = "3.12"
pydantic = ">=2.7,<3"
pytest = ">=8.0,<9"
pymupdf = ">=1.24,<2"
pillow = ">=10,<13"
transformers = ">=4.51"
accelerate = ">=1.15"
torch = ">=2.6"
torchvision = ">=0.29"
evaluator = "VectifyAI/MMLongBench-Doc-V2@3aba3c6831a432ee882f763435f9ebe92ab75ed9"
documents = "mayubo2333/MMLongBench-Doc@d73f0dc0be7e0a2ff6a403d5fe65fcd96461f384"
